// !$*UTF8*$!
{
	archiveVersion = 1;
	classes = {
	};
	objectVersion = 55;
	objects = {

/* Begin PBXBuildFile section */
		4C198A662729896200201FE1 /* APIDocs.swift in Sources */ = {isa = PBXBuildFile; fileRef = 4C198A652729896200201FE1 /* APIDocs.swift */; };
		4C198A6A27299FE700201FE1 /* TMDBManager.swift in Sources */ = {isa = PBXBuildFile; fileRef = 4C198A6927299FE700201FE1 /* TMDBManager.swift */; };
		4C198A6C2729A2CE00201FE1 /* mainPageInfo.swift in Sources */ = {isa = PBXBuildFile; fileRef = 4C198A6B2729A2CE00201FE1 /* mainPageInfo.swift */; };
		4C51916D272697DD0044876C /* alertExtension.swift in Sources */ = {isa = PBXBuildFile; fileRef = 4C51916C272697DD0044876C /* alertExtension.swift */; };
		4C9CDC57271D2ED000FA9021 /* mediaPeopleTableViewCell.swift in Sources */ = {isa = PBXBuildFile; fileRef = 4C9CDC56271D2ED000FA9021 /* mediaPeopleTableViewCell.swift */; };
		4C9CDC59271D526A00FA9021 /* WebViewController.swift in Sources */ = {isa = PBXBuildFile; fileRef = 4C9CDC58271D526A00FA9021 /* WebViewController.swift */; };
		4C9CDC5C271D627200FA9021 /* Kingfisher in Frameworks */ = {isa = PBXBuildFile; productRef = 4C9CDC5B271D627200FA9021 /* Kingfisher */; };
		4CA279DC271EF05D00BB6F44 /* summaryTableViewCell.swift in Sources */ = {isa = PBXBuildFile; fileRef = 4CA279DB271EF05D00BB6F44 /* summaryTableViewCell.swift */; };
		4CA279DF271F01CD00BB6F44 /* bookCollectionViewCell.swift in Sources */ = {isa = PBXBuildFile; fileRef = 4CA279DD271F01CD00BB6F44 /* bookCollectionViewCell.swift */; };
		4CA279E0271F01CD00BB6F44 /* bookCollectionViewCell.xib in Resources */ = {isa = PBXBuildFile; fileRef = 4CA279DE271F01CD00BB6F44 /* bookCollectionViewCell.xib */; };
		4CA279E4271F038F00BB6F44 /* BookViewController.swift in Sources */ = {isa = PBXBuildFile; fileRef = 4CA279E3271F038F00BB6F44 /* BookViewController.swift */; };
		4CB5ED31271C4EED00C07E33 /* AppDelegate.swift in Sources */ = {isa = PBXBuildFile; fileRef = 4CB5ED30271C4EED00C07E33 /* AppDelegate.swift */; };
		4CB5ED33271C4EED00C07E33 /* SceneDelegate.swift in Sources */ = {isa = PBXBuildFile; fileRef = 4CB5ED32271C4EED00C07E33 /* SceneDelegate.swift */; };
		4CB5ED35271C4EED00C07E33 /* ViewController.swift in Sources */ = {isa = PBXBuildFile; fileRef = 4CB5ED34271C4EED00C07E33 /* ViewController.swift */; };
		4CB5ED38271C4EED00C07E33 /* Main.storyboard in Resources */ = {isa = PBXBuildFile; fileRef = 4CB5ED36271C4EED00C07E33 /* Main.storyboard */; };
		4CB5ED3A271C4EEF00C07E33 /* Assets.xcassets in Resources */ = {isa = PBXBuildFile; fileRef = 4CB5ED39271C4EEF00C07E33 /* Assets.xcassets */; };
		4CB5ED3D271C4EEF00C07E33 /* LaunchScreen.storyboard in Resources */ = {isa = PBXBuildFile; fileRef = 4CB5ED3B271C4EEF00C07E33 /* LaunchScreen.storyboard */; };
		4CB5ED45271C57FA00C07E33 /* myMedia.swift in Sources */ = {isa = PBXBuildFile; fileRef = 4CB5ED44271C57FA00C07E33 /* myMedia.swift */; };
		4CB5ED47271C580D00C07E33 /* myMediaInfo.swift in Sources */ = {isa = PBXBuildFile; fileRef = 4CB5ED46271C580D00C07E33 /* myMediaInfo.swift */; };
		4CB5ED49271C5AD700C07E33 /* mediaInfoTableViewCell.swift in Sources */ = {isa = PBXBuildFile; fileRef = 4CB5ED48271C5AD700C07E33 /* mediaInfoTableViewCell.swift */; };
		4CB5ED4B271C65BD00C07E33 /* searchViewController.swift in Sources */ = {isa = PBXBuildFile; fileRef = 4CB5ED4A271C65BD00C07E33 /* searchViewController.swift */; };
		4CB5ED4F271C6C9200C07E33 /* searchTableViewCell.swift in Sources */ = {isa = PBXBuildFile; fileRef = 4CB5ED4E271C6C9200C07E33 /* searchTableViewCell.swift */; };
		4CB5ED53271C710300C07E33 /* mediaPeopleViewControllViewController.swift in Sources */ = {isa = PBXBuildFile; fileRef = 4CB5ED52271C710300C07E33 /* mediaPeopleViewControllViewController.swift */; };
		4CC49E612720322C00421026 /* MapViewController.swift in Sources */ = {isa = PBXBuildFile; fileRef = 4CC49E602720322C00421026 /* MapViewController.swift */; };
		4CC49E63272036E500421026 /* TheaterLocation.swift in Sources */ = {isa = PBXBuildFile; fileRef = 4CC49E62272036E500421026 /* TheaterLocation.swift */; };
		4CEC24A927279D2D0059C2B6 /* Alamofire in Frameworks */ = {isa = PBXBuildFile; productRef = 4CEC24A827279D2D0059C2B6 /* Alamofire */; };
		4CEC24AC27279D400059C2B6 /* SwiftyJSON in Frameworks */ = {isa = PBXBuildFile; productRef = 4CEC24AB27279D400059C2B6 /* SwiftyJSON */; };
		4CEC24AE2727BCEC0059C2B6 /* movieModel.swift in Sources */ = {isa = PBXBuildFile; fileRef = 4CEC24AD2727BCEC0059C2B6 /* movieModel.swift */; };
/* End PBXBuildFile section */

/* Begin PBXFileReference section */
		4C198A652729896200201FE1 /* APIDocs.swift */ = {isa = PBXFileReference; lastKnownFileType = sourcecode.swift; path = APIDocs.swift; sourceTree = "<group>"; };
		4C198A6927299FE700201FE1 /* TMDBManager.swift */ = {isa = PBXFileReference; lastKnownFileType = sourcecode.swift; path = TMDBManager.swift; sourceTree = "<group>"; };
		4C198A6B2729A2CE00201FE1 /* mainPageInfo.swift */ = {isa = PBXFileReference; lastKnownFileType = sourcecode.swift; path = mainPageInfo.swift; sourceTree = "<group>"; };
		4C51916C272697DD0044876C /* alertExtension.swift */ = {isa = PBXFileReference; lastKnownFileType = sourcecode.swift; path = alertExtension.swift; sourceTree = "<group>"; };
		4C9CDC56271D2ED000FA9021 /* mediaPeopleTableViewCell.swift */ = {isa = PBXFileReference; lastKnownFileType = sourcecode.swift; path = mediaPeopleTableViewCell.swift; sourceTree = "<group>"; };
		4C9CDC58271D526A00FA9021 /* WebViewController.swift */ = {isa = PBXFileReference; lastKnownFileType = sourcecode.swift; path = WebViewController.swift; sourceTree = "<group>"; };
		4CA279DB271EF05D00BB6F44 /* summaryTableViewCell.swift */ = {isa = PBXFileReference; lastKnownFileType = sourcecode.swift; path = summaryTableViewCell.swift; sourceTree = "<group>"; };
		4CA279DD271F01CD00BB6F44 /* bookCollectionViewCell.swift */ = {isa = PBXFileReference; lastKnownFileType = sourcecode.swift; path = bookCollectionViewCell.swift; sourceTree = "<group>"; };
		4CA279DE271F01CD00BB6F44 /* bookCollectionViewCell.xib */ = {isa = PBXFileReference; lastKnownFileType = file.xib; path = bookCollectionViewCell.xib; sourceTree = "<group>"; };
		4CA279E3271F038F00BB6F44 /* BookViewController.swift */ = {isa = PBXFileReference; lastKnownFileType = sourcecode.swift; path = BookViewController.swift; sourceTree = "<group>"; };
		4CB5ED2D271C4EED00C07E33 /* NetflixTrendMediaProj.app */ = {isa = PBXFileReference; explicitFileType = wrapper.application; includeInIndex = 0; path = NetflixTrendMediaProj.app; sourceTree = BUILT_PRODUCTS_DIR; };
		4CB5ED30271C4EED00C07E33 /* AppDelegate.swift */ = {isa = PBXFileReference; lastKnownFileType = sourcecode.swift; path = AppDelegate.swift; sourceTree = "<group>"; };
		4CB5ED32271C4EED00C07E33 /* SceneDelegate.swift */ = {isa = PBXFileReference; lastKnownFileType = sourcecode.swift; path = SceneDelegate.swift; sourceTree = "<group>"; };
		4CB5ED34271C4EED00C07E33 /* ViewController.swift */ = {isa = PBXFileReference; lastKnownFileType = sourcecode.swift; path = ViewController.swift; sourceTree = "<group>"; };
		4CB5ED37271C4EED00C07E33 /* Base */ = {isa = PBXFileReference; lastKnownFileType = file.storyboard; name = Base; path = Base.lproj/Main.storyboard; sourceTree = "<group>"; };
		4CB5ED39271C4EEF00C07E33 /* Assets.xcassets */ = {isa = PBXFileReference; lastKnownFileType = folder.assetcatalog; path = Assets.xcassets; sourceTree = "<group>"; };
		4CB5ED3C271C4EEF00C07E33 /* Base */ = {isa = PBXFileReference; lastKnownFileType = file.storyboard; name = Base; path = Base.lproj/LaunchScreen.storyboard; sourceTree = "<group>"; };
		4CB5ED3E271C4EEF00C07E33 /* Info.plist */ = {isa = PBXFileReference; lastKnownFileType = text.plist.xml; path = Info.plist; sourceTree = "<group>"; };
		4CB5ED44271C57FA00C07E33 /* myMedia.swift */ = {isa = PBXFileReference; lastKnownFileType = sourcecode.swift; path = myMedia.swift; sourceTree = "<group>"; };
		4CB5ED46271C580D00C07E33 /* myMediaInfo.swift */ = {isa = PBXFileReference; lastKnownFileType = sourcecode.swift; path = myMediaInfo.swift; sourceTree = "<group>"; };
		4CB5ED48271C5AD700C07E33 /* mediaInfoTableViewCell.swift */ = {isa = PBXFileReference; lastKnownFileType = sourcecode.swift; path = mediaInfoTableViewCell.swift; sourceTree = "<group>"; };
		4CB5ED4A271C65BD00C07E33 /* searchViewController.swift */ = {isa = PBXFileReference; lastKnownFileType = sourcecode.swift; path = searchViewController.swift; sourceTree = "<group>"; };
		4CB5ED4E271C6C9200C07E33 /* searchTableViewCell.swift */ = {isa = PBXFileReference; lastKnownFileType = sourcecode.swift; path = searchTableViewCell.swift; sourceTree = "<group>"; };
		4CB5ED52271C710300C07E33 /* mediaPeopleViewControllViewController.swift */ = {isa = PBXFileReference; lastKnownFileType = sourcecode.swift; path = mediaPeopleViewControllViewController.swift; sourceTree = "<group>"; };
		4CC49E602720322C00421026 /* MapViewController.swift */ = {isa = PBXFileReference; lastKnownFileType = sourcecode.swift; path = MapViewController.swift; sourceTree = "<group>"; };
		4CC49E62272036E500421026 /* TheaterLocation.swift */ = {isa = PBXFileReference; lastKnownFileType = sourcecode.swift; path = TheaterLocation.swift; sourceTree = "<group>"; };
		4CEC24AD2727BCEC0059C2B6 /* movieModel.swift */ = {isa = PBXFileReference; lastKnownFileType = sourcecode.swift; path = movieModel.swift; sourceTree = "<group>"; };
/* End PBXFileReference section */

/* Begin PBXFrameworksBuildPhase section */
		4CB5ED2A271C4EED00C07E33 /* Frameworks */ = {
			isa = PBXFrameworksBuildPhase;
			buildActionMask = 2147483647;
			files = (
				4CEC24AC27279D400059C2B6 /* SwiftyJSON in Frameworks */,
				4C9CDC5C271D627200FA9021 /* Kingfisher in Frameworks */,
				4CEC24A927279D2D0059C2B6 /* Alamofire in Frameworks */,
			);
			runOnlyForDeploymentPostprocessing = 0;
		};
/* End PBXFrameworksBuildPhase section */

/* Begin PBXGroup section */
		4CB5ED24271C4EED00C07E33 = {
			isa = PBXGroup;
			children = (
				4CB5ED2F271C4EED00C07E33 /* NetflixTrendMediaProj */,
				4CB5ED2E271C4EED00C07E33 /* Products */,
			);
			sourceTree = "<group>";
		};
		4CB5ED2E271C4EED00C07E33 /* Products */ = {
			isa = PBXGroup;
			children = (
				4CB5ED2D271C4EED00C07E33 /* NetflixTrendMediaProj.app */,
			);
			name = Products;
			sourceTree = "<group>";
		};
		4CB5ED2F271C4EED00C07E33 /* NetflixTrendMediaProj */ = {
			isa = PBXGroup;
			children = (
				4CB5ED30271C4EED00C07E33 /* AppDelegate.swift */,
				4CB5ED32271C4EED00C07E33 /* SceneDelegate.swift */,
				4CB5ED34271C4EED00C07E33 /* ViewController.swift */,
				4C198A6927299FE700201FE1 /* TMDBManager.swift */,
				4C198A6B2729A2CE00201FE1 /* mainPageInfo.swift */,
				4C9CDC58271D526A00FA9021 /* WebViewController.swift */,
				4CC49E602720322C00421026 /* MapViewController.swift */,
				4C51916C272697DD0044876C /* alertExtension.swift */,
				4CB5ED52271C710300C07E33 /* mediaPeopleViewControllViewController.swift */,
				4CB5ED48271C5AD700C07E33 /* mediaInfoTableViewCell.swift */,
				4C9CDC56271D2ED000FA9021 /* mediaPeopleTableViewCell.swift */,
				4CA279DB271EF05D00BB6F44 /* summaryTableViewCell.swift */,
				4CB5ED4A271C65BD00C07E33 /* searchViewController.swift */,
				4CB5ED4E271C6C9200C07E33 /* searchTableViewCell.swift */,
				4CA279E3271F038F00BB6F44 /* BookViewController.swift */,
				4CA279DD271F01CD00BB6F44 /* bookCollectionViewCell.swift */,
				4CA279DE271F01CD00BB6F44 /* bookCollectionViewCell.xib */,
				4CB5ED46271C580D00C07E33 /* myMediaInfo.swift */,
				4CB5ED44271C57FA00C07E33 /* myMedia.swift */,
				4CEC24AD2727BCEC0059C2B6 /* movieModel.swift */,
				4CC49E62272036E500421026 /* TheaterLocation.swift */,
				4C198A652729896200201FE1 /* APIDocs.swift */,
				4CB5ED36271C4EED00C07E33 /* Main.storyboard */,
				4CB5ED3B271C4EEF00C07E33 /* LaunchScreen.storyboard */,
				4CB5ED39271C4EEF00C07E33 /* Assets.xcassets */,
				4CB5ED3E271C4EEF00C07E33 /* Info.plist */,
			);
			path = NetflixTrendMediaProj;
			sourceTree = "<group>";
		};
/* End PBXGroup section */

/* Begin PBXNativeTarget section */
		4CB5ED2C271C4EED00C07E33 /* NetflixTrendMediaProj */ = {
			isa = PBXNativeTarget;
			buildConfigurationList = 4CB5ED41271C4EEF00C07E33 /* Build configuration list for PBXNativeTarget "NetflixTrendMediaProj" */;
			buildPhases = (
				4CB5ED29271C4EED00C07E33 /* Sources */,
				4CB5ED2A271C4EED00C07E33 /* Frameworks */,
				4CB5ED2B271C4EED00C07E33 /* Resources */,
			);
			buildRules = (
			);
			dependencies = (
			);
			name = NetflixTrendMediaProj;
			packageProductDependencies = (
				4C9CDC5B271D627200FA9021 /* Kingfisher */,
				4CEC24A827279D2D0059C2B6 /* Alamofire */,
				4CEC24AB27279D400059C2B6 /* SwiftyJSON */,
			);
			productName = NetflixTrendMediaProj;
			productReference = 4CB5ED2D271C4EED00C07E33 /* NetflixTrendMediaProj.app */;
			productType = "com.apple.product-type.application";
		};
/* End PBXNativeTarget section */

/* Begin PBXProject section */
		4CB5ED25271C4EED00C07E33 /* Project object */ = {
			isa = PBXProject;
			attributes = {
				BuildIndependentTargetsInParallel = 1;
				LastSwiftUpdateCheck = 1300;
				LastUpgradeCheck = 1300;
				TargetAttributes = {
					4CB5ED2C271C4EED00C07E33 = {
						CreatedOnToolsVersion = 13.0;
					};
				};
			};
			buildConfigurationList = 4CB5ED28271C4EED00C07E33 /* Build configuration list for PBXProject "NetflixTrendMediaProj" */;
			compatibilityVersion = "Xcode 13.0";
			developmentRegion = en;
			hasScannedForEncodings = 0;
			knownRegions = (
				en,
				Base,
			);
			mainGroup = 4CB5ED24271C4EED00C07E33;
			packageReferences = (
				4C9CDC5A271D627200FA9021 /* XCRemoteSwiftPackageReference "Kingfisher" */,
				4CEC24A727279D2D0059C2B6 /* XCRemoteSwiftPackageReference "Alamofire" */,
				4CEC24AA27279D400059C2B6 /* XCRemoteSwiftPackageReference "SwiftyJSON" */,
			);
			productRefGroup = 4CB5ED2E271C4EED00C07E33 /* Products */;
			projectDirPath = "";
			projectRoot = "";
			targets = (
				4CB5ED2C271C4EED00C07E33 /* NetflixTrendMediaProj */,
			);
		};
/* End PBXProject section */

/* Begin PBXResourcesBuildPhase section */
		4CB5ED2B271C4EED00C07E33 /* Resources */ = {
			isa = PBXResourcesBuildPhase;
			buildActionMask = 2147483647;
			files = (
				4CB5ED3D271C4EEF00C07E33 /* LaunchScreen.storyboard in Resources */,
				4CA279E0271F01CD00BB6F44 /* bookCollectionViewCell.xib in Resources */,
				4CB5ED3A271C4EEF00C07E33 /* Assets.xcassets in Resources */,
				4CB5ED38271C4EED00C07E33 /* Main.storyboard in Resources */,
			);
			runOnlyForDeploymentPostprocessing = 0;
		};
/* End PBXResourcesBuildPhase section */

/* Begin PBXSourcesBuildPhase section */
		4CB5ED29271C4EED00C07E33 /* Sources */ = {
			isa = PBXSourcesBuildPhase;
			buildActionMask = 2147483647;
			files = (
				4CA279DF271F01CD00BB6F44 /* bookCollectionViewCell.swift in Sources */,
				4CB5ED35271C4EED00C07E33 /* ViewController.swift in Sources */,
				4C198A6A27299FE700201FE1 /* TMDBManager.swift in Sources */,
				4C9CDC59271D526A00FA9021 /* WebViewController.swift in Sources */,
				4CA279E4271F038F00BB6F44 /* BookViewController.swift in Sources */,
				4CEC24AE2727BCEC0059C2B6 /* movieModel.swift in Sources */,
				4CA279DC271EF05D00BB6F44 /* summaryTableViewCell.swift in Sources */,
				4CB5ED4B271C65BD00C07E33 /* searchViewController.swift in Sources */,
				4CC49E63272036E500421026 /* TheaterLocation.swift in Sources */,
				4C51916D272697DD0044876C /* alertExtension.swift in Sources */,
				4CB5ED53271C710300C07E33 /* mediaPeopleViewControllViewController.swift in Sources */,
				4CB5ED47271C580D00C07E33 /* myMediaInfo.swift in Sources */,
				4CB5ED31271C4EED00C07E33 /* AppDelegate.swift in Sources */,
				4CB5ED45271C57FA00C07E33 /* myMedia.swift in Sources */,
				4CB5ED49271C5AD700C07E33 /* mediaInfoTableViewCell.swift in Sources */,
				4C198A662729896200201FE1 /* APIDocs.swift in Sources */,
				4CB5ED33271C4EED00C07E33 /* SceneDelegate.swift in Sources */,
				4CB5ED4F271C6C9200C07E33 /* searchTableViewCell.swift in Sources */,
				4CC49E612720322C00421026 /* MapViewController.swift in Sources */,
				4C198A6C2729A2CE00201FE1 /* mainPageInfo.swift in Sources */,
				4C9CDC57271D2ED000FA9021 /* mediaPeopleTableViewCell.swift in Sources */,
			);
			runOnlyForDeploymentPostprocessing = 0;
		};
/* End PBXSourcesBuildPhase section */

/* Begin PBXVariantGroup section */
		4CB5ED36271C4EED00C07E33 /* Main.storyboard */ = {
			isa = PBXVariantGroup;
			children = (
				4CB5ED37271C4EED00C07E33 /* Base */,
			);
			name = Main.storyboard;
			sourceTree = "<group>";
		};
		4CB5ED3B271C4EEF00C07E33 /* LaunchScreen.storyboard */ = {
			isa = PBXVariantGroup;
			children = (
				4CB5ED3C271C4EEF00C07E33 /* Base */,
			);
			name = LaunchScreen.storyboard;
			sourceTree = "<group>";
		};
/* End PBXVariantGroup section */

/* Begin XCBuildConfiguration section */
		4CB5ED3F271C4EEF00C07E33 /* Debug */ = {
			isa = XCBuildConfiguration;
			buildSettings = {
				ALWAYS_SEARCH_USER_PATHS = NO;
				CLANG_ANALYZER_NONNULL = YES;
				CLANG_ANALYZER_NUMBER_OBJECT_CONVERSION = YES_AGGRESSIVE;
				CLANG_CXX_LANGUAGE_STANDARD = "gnu++17";
				CLANG_CXX_LIBRARY = "libc++";
				CLANG_ENABLE_MODULES = YES;
				CLANG_ENABLE_OBJC_ARC = YES;
				CLANG_ENABLE_OBJC_WEAK = YES;
				CLANG_WARN_BLOCK_CAPTURE_AUTORELEASING = YES;
				CLANG_WARN_BOOL_CONVERSION = YES;
				CLANG_WARN_COMMA = YES;
				CLANG_WARN_CONSTANT_CONVERSION = YES;
				CLANG_WARN_DEPRECATED_OBJC_IMPLEMENTATIONS = YES;
				CLANG_WARN_DIRECT_OBJC_ISA_USAGE = YES_ERROR;
				CLANG_WARN_DOCUMENTATION_COMMENTS = YES;
				CLANG_WARN_EMPTY_BODY = YES;
				CLANG_WARN_ENUM_CONVERSION = YES;
				CLANG_WARN_INFINITE_RECURSION = YES;
				CLANG_WARN_INT_CONVERSION = YES;
				CLANG_WARN_NON_LITERAL_NULL_CONVERSION = YES;
				CLANG_WARN_OBJC_IMPLICIT_RETAIN_SELF = YES;
				CLANG_WARN_OBJC_LITERAL_CONVERSION = YES;
				CLANG_WARN_OBJC_ROOT_CLASS = YES_ERROR;
				CLANG_WARN_QUOTED_INCLUDE_IN_FRAMEWORK_HEADER = YES;
				CLANG_WARN_RANGE_LOOP_ANALYSIS = YES;
				CLANG_WARN_STRICT_PROTOTYPES = YES;
				CLANG_WARN_SUSPICIOUS_MOVE = YES;
				CLANG_WARN_UNGUARDED_AVAILABILITY = YES_AGGRESSIVE;
				CLANG_WARN_UNREACHABLE_CODE = YES;
				CLANG_WARN__DUPLICATE_METHOD_MATCH = YES;
				COPY_PHASE_STRIP = NO;
				DEBUG_INFORMATION_FORMAT = dwarf;
				ENABLE_STRICT_OBJC_MSGSEND = YES;
				ENABLE_TESTABILITY = YES;
				GCC_C_LANGUAGE_STANDARD = gnu11;
				GCC_DYNAMIC_NO_PIC = NO;
				GCC_NO_COMMON_BLOCKS = YES;
				GCC_OPTIMIZATION_LEVEL = 0;
				GCC_PREPROCESSOR_DEFINITIONS = (
					"DEBUG=1",
					"$(inherited)",
				);
				GCC_WARN_64_TO_32_BIT_CONVERSION = YES;
				GCC_WARN_ABOUT_RETURN_TYPE = YES_ERROR;
				GCC_WARN_UNDECLARED_SELECTOR = YES;
				GCC_WARN_UNINITIALIZED_AUTOS = YES_AGGRESSIVE;
				GCC_WARN_UNUSED_FUNCTION = YES;
				GCC_WARN_UNUSED_VARIABLE = YES;
				IPHONEOS_DEPLOYMENT_TARGET = 15.0;
				MTL_ENABLE_DEBUG_INFO = INCLUDE_SOURCE;
				MTL_FAST_MATH = YES;
				ONLY_ACTIVE_ARCH = YES;
				SDKROOT = iphoneos;
				SWIFT_ACTIVE_COMPILATION_CONDITIONS = DEBUG;
				SWIFT_OPTIMIZATION_LEVEL = "-Onone";
			};
			name = Debug;
		};
		4CB5ED40271C4EEF00C07E33 /* Release */ = {
			isa = XCBuildConfiguration;
			buildSettings = {
				ALWAYS_SEARCH_USER_PATHS = NO;
				CLANG_ANALYZER_NONNULL = YES;
				CLANG_ANALYZER_NUMBER_OBJECT_CONVERSION = YES_AGGRESSIVE;
				CLANG_CXX_LANGUAGE_STANDARD = "gnu++17";
				CLANG_CXX_LIBRARY = "libc++";
				CLANG_ENABLE_MODULES = YES;
				CLANG_ENABLE_OBJC_ARC = YES;
				CLANG_ENABLE_OBJC_WEAK = YES;
				CLANG_WARN_BLOCK_CAPTURE_AUTORELEASING = YES;
				CLANG_WARN_BOOL_CONVERSION = YES;
				CLANG_WARN_COMMA = YES;
				CLANG_WARN_CONSTANT_CONVERSION = YES;
				CLANG_WARN_DEPRECATED_OBJC_IMPLEMENTATIONS = YES;
				CLANG_WARN_DIRECT_OBJC_ISA_USAGE = YES_ERROR;
				CLANG_WARN_DOCUMENTATION_COMMENTS = YES;
				CLANG_WARN_EMPTY_BODY = YES;
				CLANG_WARN_ENUM_CONVERSION = YES;
				CLANG_WARN_INFINITE_RECURSION = YES;
				CLANG_WARN_INT_CONVERSION = YES;
				CLANG_WARN_NON_LITERAL_NULL_CONVERSION = YES;
				CLANG_WARN_OBJC_IMPLICIT_RETAIN_SELF = YES;
				CLANG_WARN_OBJC_LITERAL_CONVERSION = YES;
				CLANG_WARN_OBJC_ROOT_CLASS = YES_ERROR;
				CLANG_WARN_QUOTED_INCLUDE_IN_FRAMEWORK_HEADER = YES;
				CLANG_WARN_RANGE_LOOP_ANALYSIS = YES;
				CLANG_WARN_STRICT_PROTOTYPES = YES;
				CLANG_WARN_SUSPICIOUS_MOVE = YES;
				CLANG_WARN_UNGUARDED_AVAILABILITY = YES_AGGRESSIVE;
				CLANG_WARN_UNREACHABLE_CODE = YES;
				CLANG_WARN__DUPLICATE_METHOD_MATCH = YES;
				COPY_PHASE_STRIP = NO;
				DEBUG_INFORMATION_FORMAT = "dwarf-with-dsym";
				ENABLE_NS_ASSERTIONS = NO;
				ENABLE_STRICT_OBJC_MSGSEND = YES;
				GCC_C_LANGUAGE_STANDARD = gnu11;
				GCC_NO_COMMON_BLOCKS = YES;
				GCC_WARN_64_TO_32_BIT_CONVERSION = YES;
				GCC_WARN_ABOUT_RETURN_TYPE = YES_ERROR;
				GCC_WARN_UNDECLARED_SELECTOR = YES;
				GCC_WARN_UNINITIALIZED_AUTOS = YES_AGGRESSIVE;
				GCC_WARN_UNUSED_FUNCTION = YES;
				GCC_WARN_UNUSED_VARIABLE = YES;
				IPHONEOS_DEPLOYMENT_TARGET = 15.0;
				MTL_ENABLE_DEBUG_INFO = NO;
				MTL_FAST_MATH = YES;
				SDKROOT = iphoneos;
				SWIFT_COMPILATION_MODE = wholemodule;
				SWIFT_OPTIMIZATION_LEVEL = "-O";
				VALIDATE_PRODUCT = YES;
			};
			name = Release;
		};
		4CB5ED42271C4EEF00C07E33 /* Debug */ = {
			isa = XCBuildConfiguration;
			buildSettings = {
				ASSETCATALOG_COMPILER_APPICON_NAME = AppIcon;
				ASSETCATALOG_COMPILER_GLOBAL_ACCENT_COLOR_NAME = AccentColor;
				CODE_SIGN_STYLE = Automatic;
				CURRENT_PROJECT_VERSION = 1;
				DEVELOPMENT_TEAM = 46QF7GBZH7;
				GENERATE_INFOPLIST_FILE = YES;
				INFOPLIST_FILE = NetflixTrendMediaProj/Info.plist;
				INFOPLIST_KEY_UIApplicationSupportsIndirectInputEvents = YES;
				INFOPLIST_KEY_UILaunchStoryboardName = LaunchScreen;
				INFOPLIST_KEY_UIMainStoryboardFile = Main;
				INFOPLIST_KEY_UISupportedInterfaceOrientations_iPad = "UIInterfaceOrientationPortrait UIInterfaceOrientationPortraitUpsideDown UIInterfaceOrientationLandscapeLeft UIInterfaceOrientationLandscapeRight";
				INFOPLIST_KEY_UISupportedInterfaceOrientations_iPhone = "UIInterfaceOrientationPortrait UIInterfaceOrientationLandscapeLeft UIInterfaceOrientationLandscapeRight";
				LD_RUNPATH_SEARCH_PATHS = (
					"$(inherited)",
					"@executable_path/Frameworks",
				);
				MARKETING_VERSION = 1.0;
				PRODUCT_BUNDLE_IDENTIFIER = usKet.NetflixTrendMediaProj;
				PRODUCT_NAME = "$(TARGET_NAME)";
				SWIFT_EMIT_LOC_STRINGS = YES;
				SWIFT_VERSION = 5.0;
				TARGETED_DEVICE_FAMILY = "1,2";
			};
			name = Debug;
		};
		4CB5ED43271C4EEF00C07E33 /* Release */ = {
			isa = XCBuildConfiguration;
			buildSettings = {
				ASSETCATALOG_COMPILER_APPICON_NAME = AppIcon;
				ASSETCATALOG_COMPILER_GLOBAL_ACCENT_COLOR_NAME = AccentColor;
				CODE_SIGN_STYLE = Automatic;
				CURRENT_PROJECT_VERSION = 1;
				DEVELOPMENT_TEAM = 46QF7GBZH7;
				GENERATE_INFOPLIST_FILE = YES;
				INFOPLIST_FILE = NetflixTrendMediaProj/Info.plist;
				INFOPLIST_KEY_UIApplicationSupportsIndirectInputEvents = YES;
				INFOPLIST_KEY_UILaunchStoryboardName = LaunchScreen;
				INFOPLIST_KEY_UIMainStoryboardFile = Main;
				INFOPLIST_KEY_UISupportedInterfaceOrientations_iPad = "UIInterfaceOrientationPortrait UIInterfaceOrientationPortraitUpsideDown UIInterfaceOrientationLandscapeLeft UIInterfaceOrientationLandscapeRight";
				INFOPLIST_KEY_UISupportedInterfaceOrientations_iPhone = "UIInterfaceOrientationPortrait UIInterfaceOrientationLandscapeLeft UIInterfaceOrientationLandscapeRight";
				LD_RUNPATH_SEARCH_PATHS = (
					"$(inherited)",
					"@executable_path/Frameworks",
				);
				MARKETING_VERSION = 1.0;
				PRODUCT_BUNDLE_IDENTIFIER = usKet.NetflixTrendMediaProj;
				PRODUCT_NAME = "$(TARGET_NAME)";
				SWIFT_EMIT_LOC_STRINGS = YES;
				SWIFT_VERSION = 5.0;
				TARGETED_DEVICE_FAMILY = "1,2";
			};
			name = Release;
		};
/* End XCBuildConfiguration section */

/* Begin XCConfigurationList section */
		4CB5ED28271C4EED00C07E33 /* Build configuration list for PBXProject "NetflixTrendMediaProj" */ = {
			isa = XCConfigurationList;
			buildConfigurations = (
				4CB5ED3F271C4EEF00C07E33 /* Debug */,
				4CB5ED40271C4EEF00C07E33 /* Release */,
			);
			defaultConfigurationIsVisible = 0;
			defaultConfigurationName = Release;
		};
		4CB5ED41271C4EEF00C07E33 /* Build configuration list for PBXNativeTarget "NetflixTrendMediaProj" */ = {
			isa = XCConfigurationList;
			buildConfigurations = (
				4CB5ED42271C4EEF00C07E33 /* Debug */,
				4CB5ED43271C4EEF00C07E33 /* Release */,
			);
			defaultConfigurationIsVisible = 0;
			defaultConfigurationName = Release;
		};
/* End XCConfigurationList section */

/* Begin XCRemoteSwiftPackageReference section */
		4C9CDC5A271D627200FA9021 /* XCRemoteSwiftPackageReference "Kingfisher" */ = {
			isa = XCRemoteSwiftPackageReference;
			repositoryURL = "https://github.com/onevcat/Kingfisher.git";
			requirement = {
				kind = exactVersion;
				version = 7.1.0;
			};
		};
		4CEC24A727279D2D0059C2B6 /* XCRemoteSwiftPackageReference "Alamofire" */ = {
			isa = XCRemoteSwiftPackageReference;
			repositoryURL = "https://github.com/Alamofire/Alamofire";
			requirement = {
				branch = master;
				kind = branch;
			};
		};
		4CEC24AA27279D400059C2B6 /* XCRemoteSwiftPackageReference "SwiftyJSON" */ = {
			isa = XCRemoteSwiftPackageReference;
			repositoryURL = "https://github.com/SwiftyJSON/SwiftyJSON";
			requirement = {
				kind = exactVersion;
				version = 5.0.0;
			};
		};
/* End XCRemoteSwiftPackageReference section */

/* Begin XCSwiftPackageProductDependency section */
		4C9CDC5B271D627200FA9021 /* Kingfisher */ = {
			isa = XCSwiftPackageProductDependency;
			package = 4C9CDC5A271D627200FA9021 /* XCRemoteSwiftPackageReference "Kingfisher" */;
			productName = Kingfisher;
		};
		4CEC24A827279D2D0059C2B6 /* Alamofire */ = {
			isa = XCSwiftPackageProductDependency;
			package = 4CEC24A727279D2D0059C2B6 /* XCRemoteSwiftPackageReference "Alamofire" */;
			productName = Alamofire;
		};
		4CEC24AB27279D400059C2B6 /* SwiftyJSON */ = {
			isa = XCSwiftPackageProductDependency;
			package = 4CEC24AA27279D400059C2B6 /* XCRemoteSwiftPackageReference "SwiftyJSON" */;
			productName = SwiftyJSON;
		};
/* End XCSwiftPackageProductDependency section */
	};
	rootObject = 4CB5ED25271C4EED00C07E33 /* Project object */;
}
