// !$*UTF8*$!
{
	archiveVersion = 1;
	classes = {
	};
	objectVersion = 55;
	objects = {

/* Begin PBXBuildFile section */
		4C198A14272977C700201FE1 /* OpenWeatherAPIManager.swift in Sources */ = {isa = PBXBuildFile; fileRef = 4C198A13272977C700201FE1 /* OpenWeatherAPIManager.swift */; };
		4CDBB78B2727DC1D00A05119 /* AppDelegate.swift in Sources */ = {isa = PBXBuildFile; fileRef = 4CDBB78A2727DC1D00A05119 /* AppDelegate.swift */; };
		4CDBB78D2727DC1D00A05119 /* SceneDelegate.swift in Sources */ = {isa = PBXBuildFile; fileRef = 4CDBB78C2727DC1D00A05119 /* SceneDelegate.swift */; };
		4CDBB78F2727DC1D00A05119 /* ViewController.swift in Sources */ = {isa = PBXBuildFile; fileRef = 4CDBB78E2727DC1D00A05119 /* ViewController.swift */; };
		4CDBB7922727DC1D00A05119 /* Main.storyboard in Resources */ = {isa = PBXBuildFile; fileRef = 4CDBB7902727DC1D00A05119 /* Main.storyboard */; };
		4CDBB7942727DC1F00A05119 /* Assets.xcassets in Resources */ = {isa = PBXBuildFile; fileRef = 4CDBB7932727DC1F00A05119 /* Assets.xcassets */; };
		4CDBB7972727DC1F00A05119 /* LaunchScreen.storyboard in Resources */ = {isa = PBXBuildFile; fileRef = 4CDBB7952727DC1F00A05119 /* LaunchScreen.storyboard */; };
		4CDBB7A22727DCE200A05119 /* Kingfisher in Frameworks */ = {isa = PBXBuildFile; productRef = 4CDBB7A12727DCE200A05119 /* Kingfisher */; };
		4CDBB7A52727DCF000A05119 /* SwiftyJSON in Frameworks */ = {isa = PBXBuildFile; productRef = 4CDBB7A42727DCF000A05119 /* SwiftyJSON */; };
		4CDBB7A82727DCFC00A05119 /* Alamofire in Frameworks */ = {isa = PBXBuildFile; productRef = 4CDBB7A72727DCFC00A05119 /* Alamofire */; };
/* End PBXBuildFile section */

/* Begin PBXFileReference section */
		4C198A13272977C700201FE1 /* OpenWeatherAPIManager.swift */ = {isa = PBXFileReference; lastKnownFileType = sourcecode.swift; path = OpenWeatherAPIManager.swift; sourceTree = "<group>"; };
		4CDBB7872727DC1D00A05119 /* OpenWeatherAPIProj.app */ = {isa = PBXFileReference; explicitFileType = wrapper.application; includeInIndex = 0; path = OpenWeatherAPIProj.app; sourceTree = BUILT_PRODUCTS_DIR; };
		4CDBB78A2727DC1D00A05119 /* AppDelegate.swift */ = {isa = PBXFileReference; lastKnownFileType = sourcecode.swift; path = AppDelegate.swift; sourceTree = "<group>"; };
		4CDBB78C2727DC1D00A05119 /* SceneDelegate.swift */ = {isa = PBXFileReference; lastKnownFileType = sourcecode.swift; path = SceneDelegate.swift; sourceTree = "<group>"; };
		4CDBB78E2727DC1D00A05119 /* ViewController.swift */ = {isa = PBXFileReference; lastKnownFileType = sourcecode.swift; path = ViewController.swift; sourceTree = "<group>"; };
		4CDBB7912727DC1D00A05119 /* Base */ = {isa = PBXFileReference; lastKnownFileType = file.storyboard; name = Base; path = Base.lproj/Main.storyboard; sourceTree = "<group>"; };
		4CDBB7932727DC1F00A05119 /* Assets.xcassets */ = {isa = PBXFileReference; lastKnownFileType = folder.assetcatalog; path = Assets.xcassets; sourceTree = "<group>"; };
		4CDBB7962727DC1F00A05119 /* Base */ = {isa = PBXFileReference; lastKnownFileType = file.storyboard; name = Base; path = Base.lproj/LaunchScreen.storyboard; sourceTree = "<group>"; };
		4CDBB7982727DC1F00A05119 /* Info.plist */ = {isa = PBXFileReference; lastKnownFileType = text.plist.xml; path = Info.plist; sourceTree = "<group>"; };
/* End PBXFileReference section */

/* Begin PBXFrameworksBuildPhase section */
		4CDBB7842727DC1D00A05119 /* Frameworks */ = {
			isa = PBXFrameworksBuildPhase;
			buildActionMask = 2147483647;
			files = (
				4CDBB7A82727DCFC00A05119 /* Alamofire in Frameworks */,
				4CDBB7A52727DCF000A05119 /* SwiftyJSON in Frameworks */,
				4CDBB7A22727DCE200A05119 /* Kingfisher in Frameworks */,
			);
			runOnlyForDeploymentPostprocessing = 0;
		};
/* End PBXFrameworksBuildPhase section */

/* Begin PBXGroup section */
		4CDBB77E2727DC1D00A05119 = {
			isa = PBXGroup;
			children = (
				4CDBB7892727DC1D00A05119 /* OpenWeatherAPIProj */,
				4CDBB7882727DC1D00A05119 /* Products */,
			);
			sourceTree = "<group>";
		};
		4CDBB7882727DC1D00A05119 /* Products */ = {
			isa = PBXGroup;
			children = (
				4CDBB7872727DC1D00A05119 /* OpenWeatherAPIProj.app */,
			);
			name = Products;
			sourceTree = "<group>";
		};
		4CDBB7892727DC1D00A05119 /* OpenWeatherAPIProj */ = {
			isa = PBXGroup;
			children = (
				4CDBB78A2727DC1D00A05119 /* AppDelegate.swift */,
				4CDBB78C2727DC1D00A05119 /* SceneDelegate.swift */,
				4CDBB78E2727DC1D00A05119 /* ViewController.swift */,
				4C198A13272977C700201FE1 /* OpenWeatherAPIManager.swift */,
				4CDBB7902727DC1D00A05119 /* Main.storyboard */,
				4CDBB7932727DC1F00A05119 /* Assets.xcassets */,
				4CDBB7952727DC1F00A05119 /* LaunchScreen.storyboard */,
				4CDBB7982727DC1F00A05119 /* Info.plist */,
			);
			path = OpenWeatherAPIProj;
			sourceTree = "<group>";
		};
/* End PBXGroup section */

/* Begin PBXNativeTarget section */
		4CDBB7862727DC1D00A05119 /* OpenWeatherAPIProj */ = {
			isa = PBXNativeTarget;
			buildConfigurationList = 4CDBB79B2727DC1F00A05119 /* Build configuration list for PBXNativeTarget "OpenWeatherAPIProj" */;
			buildPhases = (
				4CDBB7832727DC1D00A05119 /* Sources */,
				4CDBB7842727DC1D00A05119 /* Frameworks */,
				4CDBB7852727DC1D00A05119 /* Resources */,
			);
			buildRules = (
			);
			dependencies = (
			);
			name = OpenWeatherAPIProj;
			packageProductDependencies = (
				4CDBB7A12727DCE200A05119 /* Kingfisher */,
				4CDBB7A42727DCF000A05119 /* SwiftyJSON */,
				4CDBB7A72727DCFC00A05119 /* Alamofire */,
			);
			productName = OpenWeatherAPIProj;
			productReference = 4CDBB7872727DC1D00A05119 /* OpenWeatherAPIProj.app */;
			productType = "com.apple.product-type.application";
		};
/* End PBXNativeTarget section */

/* Begin PBXProject section */
		4CDBB77F2727DC1D00A05119 /* Project object */ = {
			isa = PBXProject;
			attributes = {
				BuildIndependentTargetsInParallel = 1;
				LastSwiftUpdateCheck = 1300;
				LastUpgradeCheck = 1300;
				TargetAttributes = {
					4CDBB7862727DC1D00A05119 = {
						CreatedOnToolsVersion = 13.0;
					};
				};
			};
			buildConfigurationList = 4CDBB7822727DC1D00A05119 /* Build configuration list for PBXProject "OpenWeatherAPIProj" */;
			compatibilityVersion = "Xcode 13.0";
			developmentRegion = en;
			hasScannedForEncodings = 0;
			knownRegions = (
				en,
				Base,
			);
			mainGroup = 4CDBB77E2727DC1D00A05119;
			packageReferences = (
				4CDBB7A02727DCE200A05119 /* XCRemoteSwiftPackageReference "Kingfisher" */,
				4CDBB7A32727DCF000A05119 /* XCRemoteSwiftPackageReference "SwiftyJSON" */,
				4CDBB7A62727DCFC00A05119 /* XCRemoteSwiftPackageReference "Alamofire" */,
			);
			productRefGroup = 4CDBB7882727DC1D00A05119 /* Products */;
			projectDirPath = "";
			projectRoot = "";
			targets = (
				4CDBB7862727DC1D00A05119 /* OpenWeatherAPIProj */,
			);
		};
/* End PBXProject section */

/* Begin PBXResourcesBuildPhase section */
		4CDBB7852727DC1D00A05119 /* Resources */ = {
			isa = PBXResourcesBuildPhase;
			buildActionMask = 2147483647;
			files = (
				4CDBB7972727DC1F00A05119 /* LaunchScreen.storyboard in Resources */,
				4CDBB7942727DC1F00A05119 /* Assets.xcassets in Resources */,
				4CDBB7922727DC1D00A05119 /* Main.storyboard in Resources */,
			);
			runOnlyForDeploymentPostprocessing = 0;
		};
/* End PBXResourcesBuildPhase section */

/* Begin PBXSourcesBuildPhase section */
		4CDBB7832727DC1D00A05119 /* Sources */ = {
			isa = PBXSourcesBuildPhase;
			buildActionMask = 2147483647;
			files = (
				4CDBB78F2727DC1D00A05119 /* ViewController.swift in Sources */,
				4C198A14272977C700201FE1 /* OpenWeatherAPIManager.swift in Sources */,
				4CDBB78B2727DC1D00A05119 /* AppDelegate.swift in Sources */,
				4CDBB78D2727DC1D00A05119 /* SceneDelegate.swift in Sources */,
			);
			runOnlyForDeploymentPostprocessing = 0;
		};
/* End PBXSourcesBuildPhase section */

/* Begin PBXVariantGroup section */
		4CDBB7902727DC1D00A05119 /* Main.storyboard */ = {
			isa = PBXVariantGroup;
			children = (
				4CDBB7912727DC1D00A05119 /* Base */,
			);
			name = Main.storyboard;
			sourceTree = "<group>";
		};
		4CDBB7952727DC1F00A05119 /* LaunchScreen.storyboard */ = {
			isa = PBXVariantGroup;
			children = (
				4CDBB7962727DC1F00A05119 /* Base */,
			);
			name = LaunchScreen.storyboard;
			sourceTree = "<group>";
		};
/* End PBXVariantGroup section */

/* Begin XCBuildConfiguration section */
		4CDBB7992727DC1F00A05119 /* Debug */ = {
			isa = XCBuildConfiguration;
			buildSettings = {
				ALWAYS_SEARCH_USER_PATHS = NO;
				CLANG_ANALYZER_NONNULL = YES;
				CLANG_ANALYZER_NUMBER_OBJECT_CONVERSION = YES_AGGRESSIVE;
				CLANG_CXX_LANGUAGE_STANDARD = "gnu++17";
				CLANG_CXX_LIBRARY = "libc++";
				CLANG_ENABLE_MODULES = YES;
				CLANG_ENABLE_OBJC_ARC = YES;
				CLANG_ENABLE_OBJC_WEAK = YES;
				CLANG_WARN_BLOCK_CAPTURE_AUTORELEASING = YES;
				CLANG_WARN_BOOL_CONVERSION = YES;
				CLANG_WARN_COMMA = YES;
				CLANG_WARN_CONSTANT_CONVERSION = YES;
				CLANG_WARN_DEPRECATED_OBJC_IMPLEMENTATIONS = YES;
				CLANG_WARN_DIRECT_OBJC_ISA_USAGE = YES_ERROR;
				CLANG_WARN_DOCUMENTATION_COMMENTS = YES;
				CLANG_WARN_EMPTY_BODY = YES;
				CLANG_WARN_ENUM_CONVERSION = YES;
				CLANG_WARN_INFINITE_RECURSION = YES;
				CLANG_WARN_INT_CONVERSION = YES;
				CLANG_WARN_NON_LITERAL_NULL_CONVERSION = YES;
				CLANG_WARN_OBJC_IMPLICIT_RETAIN_SELF = YES;
				CLANG_WARN_OBJC_LITERAL_CONVERSION = YES;
				CLANG_WARN_OBJC_ROOT_CLASS = YES_ERROR;
				CLANG_WARN_QUOTED_INCLUDE_IN_FRAMEWORK_HEADER = YES;
				CLANG_WARN_RANGE_LOOP_ANALYSIS = YES;
				CLANG_WARN_STRICT_PROTOTYPES = YES;
				CLANG_WARN_SUSPICIOUS_MOVE = YES;
				CLANG_WARN_UNGUARDED_AVAILABILITY = YES_AGGRESSIVE;
				CLANG_WARN_UNREACHABLE_CODE = YES;
				CLANG_WARN__DUPLICATE_METHOD_MATCH = YES;
				COPY_PHASE_STRIP = NO;
				DEBUG_INFORMATION_FORMAT = dwarf;
				ENABLE_STRICT_OBJC_MSGSEND = YES;
				ENABLE_TESTABILITY = YES;
				GCC_C_LANGUAGE_STANDARD = gnu11;
				GCC_DYNAMIC_NO_PIC = NO;
				GCC_NO_COMMON_BLOCKS = YES;
				GCC_OPTIMIZATION_LEVEL = 0;
				GCC_PREPROCESSOR_DEFINITIONS = (
					"DEBUG=1",
					"$(inherited)",
				);
				GCC_WARN_64_TO_32_BIT_CONVERSION = YES;
				GCC_WARN_ABOUT_RETURN_TYPE = YES_ERROR;
				GCC_WARN_UNDECLARED_SELECTOR = YES;
				GCC_WARN_UNINITIALIZED_AUTOS = YES_AGGRESSIVE;
				GCC_WARN_UNUSED_FUNCTION = YES;
				GCC_WARN_UNUSED_VARIABLE = YES;
				IPHONEOS_DEPLOYMENT_TARGET = 15.0;
				MTL_ENABLE_DEBUG_INFO = INCLUDE_SOURCE;
				MTL_FAST_MATH = YES;
				ONLY_ACTIVE_ARCH = YES;
				SDKROOT = iphoneos;
				SWIFT_ACTIVE_COMPILATION_CONDITIONS = DEBUG;
				SWIFT_OPTIMIZATION_LEVEL = "-Onone";
			};
			name = Debug;
		};
		4CDBB79A2727DC1F00A05119 /* Release */ = {
			isa = XCBuildConfiguration;
			buildSettings = {
				ALWAYS_SEARCH_USER_PATHS = NO;
				CLANG_ANALYZER_NONNULL = YES;
				CLANG_ANALYZER_NUMBER_OBJECT_CONVERSION = YES_AGGRESSIVE;
				CLANG_CXX_LANGUAGE_STANDARD = "gnu++17";
				CLANG_CXX_LIBRARY = "libc++";
				CLANG_ENABLE_MODULES = YES;
				CLANG_ENABLE_OBJC_ARC = YES;
				CLANG_ENABLE_OBJC_WEAK = YES;
				CLANG_WARN_BLOCK_CAPTURE_AUTORELEASING = YES;
				CLANG_WARN_BOOL_CONVERSION = YES;
				CLANG_WARN_COMMA = YES;
				CLANG_WARN_CONSTANT_CONVERSION = YES;
				CLANG_WARN_DEPRECATED_OBJC_IMPLEMENTATIONS = YES;
				CLANG_WARN_DIRECT_OBJC_ISA_USAGE = YES_ERROR;
				CLANG_WARN_DOCUMENTATION_COMMENTS = YES;
				CLANG_WARN_EMPTY_BODY = YES;
				CLANG_WARN_ENUM_CONVERSION = YES;
				CLANG_WARN_INFINITE_RECURSION = YES;
				CLANG_WARN_INT_CONVERSION = YES;
				CLANG_WARN_NON_LITERAL_NULL_CONVERSION = YES;
				CLANG_WARN_OBJC_IMPLICIT_RETAIN_SELF = YES;
				CLANG_WARN_OBJC_LITERAL_CONVERSION = YES;
				CLANG_WARN_OBJC_ROOT_CLASS = YES_ERROR;
				CLANG_WARN_QUOTED_INCLUDE_IN_FRAMEWORK_HEADER = YES;
				CLANG_WARN_RANGE_LOOP_ANALYSIS = YES;
				CLANG_WARN_STRICT_PROTOTYPES = YES;
				CLANG_WARN_SUSPICIOUS_MOVE = YES;
				CLANG_WARN_UNGUARDED_AVAILABILITY = YES_AGGRESSIVE;
				CLANG_WARN_UNREACHABLE_CODE = YES;
				CLANG_WARN__DUPLICATE_METHOD_MATCH = YES;
				COPY_PHASE_STRIP = NO;
				DEBUG_INFORMATION_FORMAT = "dwarf-with-dsym";
				ENABLE_NS_ASSERTIONS = NO;
				ENABLE_STRICT_OBJC_MSGSEND = YES;
				GCC_C_LANGUAGE_STANDARD = gnu11;
				GCC_NO_COMMON_BLOCKS = YES;
				GCC_WARN_64_TO_32_BIT_CONVERSION = YES;
				GCC_WARN_ABOUT_RETURN_TYPE = YES_ERROR;
				GCC_WARN_UNDECLARED_SELECTOR = YES;
				GCC_WARN_UNINITIALIZED_AUTOS = YES_AGGRESSIVE;
				GCC_WARN_UNUSED_FUNCTION = YES;
				GCC_WARN_UNUSED_VARIABLE = YES;
				IPHONEOS_DEPLOYMENT_TARGET = 15.0;
				MTL_ENABLE_DEBUG_INFO = NO;
				MTL_FAST_MATH = YES;
				SDKROOT = iphoneos;
				SWIFT_COMPILATION_MODE = wholemodule;
				SWIFT_OPTIMIZATION_LEVEL = "-O";
				VALIDATE_PRODUCT = YES;
			};
			name = Release;
		};
		4CDBB79C2727DC1F00A05119 /* Debug */ = {
			isa = XCBuildConfiguration;
			buildSettings = {
				ASSETCATALOG_COMPILER_APPICON_NAME = AppIcon;
				ASSETCATALOG_COMPILER_GLOBAL_ACCENT_COLOR_NAME = AccentColor;
				CODE_SIGN_STYLE = Automatic;
				CURRENT_PROJECT_VERSION = 1;
				DEVELOPMENT_TEAM = 46QF7GBZH7;
				GENERATE_INFOPLIST_FILE = YES;
				INFOPLIST_FILE = OpenWeatherAPIProj/Info.plist;
				INFOPLIST_KEY_UIApplicationSupportsIndirectInputEvents = YES;
				INFOPLIST_KEY_UILaunchStoryboardName = LaunchScreen;
				INFOPLIST_KEY_UIMainStoryboardFile = Main;
				INFOPLIST_KEY_UISupportedInterfaceOrientations_iPad = "UIInterfaceOrientationPortrait UIInterfaceOrientationPortraitUpsideDown UIInterfaceOrientationLandscapeLeft UIInterfaceOrientationLandscapeRight";
				INFOPLIST_KEY_UISupportedInterfaceOrientations_iPhone = "UIInterfaceOrientationPortrait UIInterfaceOrientationLandscapeLeft UIInterfaceOrientationLandscapeRight";
				LD_RUNPATH_SEARCH_PATHS = (
					"$(inherited)",
					"@executable_path/Frameworks",
				);
				MARKETING_VERSION = 1.0;
				PRODUCT_BUNDLE_IDENTIFIER = usKet.OpenWeatherAPIProj;
				PRODUCT_NAME = "$(TARGET_NAME)";
				SWIFT_EMIT_LOC_STRINGS = YES;
				SWIFT_VERSION = 5.0;
				TARGETED_DEVICE_FAMILY = "1,2";
			};
			name = Debug;
		};
		4CDBB79D2727DC1F00A05119 /* Release */ = {
			isa = XCBuildConfiguration;
			buildSettings = {
				ASSETCATALOG_COMPILER_APPICON_NAME = AppIcon;
				ASSETCATALOG_COMPILER_GLOBAL_ACCENT_COLOR_NAME = AccentColor;
				CODE_SIGN_STYLE = Automatic;
				CURRENT_PROJECT_VERSION = 1;
				DEVELOPMENT_TEAM = 46QF7GBZH7;
				GENERATE_INFOPLIST_FILE = YES;
				INFOPLIST_FILE = OpenWeatherAPIProj/Info.plist;
				INFOPLIST_KEY_UIApplicationSupportsIndirectInputEvents = YES;
				INFOPLIST_KEY_UILaunchStoryboardName = LaunchScreen;
				INFOPLIST_KEY_UIMainStoryboardFile = Main;
				INFOPLIST_KEY_UISupportedInterfaceOrientations_iPad = "UIInterfaceOrientationPortrait UIInterfaceOrientationPortraitUpsideDown UIInterfaceOrientationLandscapeLeft UIInterfaceOrientationLandscapeRight";
				INFOPLIST_KEY_UISupportedInterfaceOrientations_iPhone = "UIInterfaceOrientationPortrait UIInterfaceOrientationLandscapeLeft UIInterfaceOrientationLandscapeRight";
				LD_RUNPATH_SEARCH_PATHS = (
					"$(inherited)",
					"@executable_path/Frameworks",
				);
				MARKETING_VERSION = 1.0;
				PRODUCT_BUNDLE_IDENTIFIER = usKet.OpenWeatherAPIProj;
				PRODUCT_NAME = "$(TARGET_NAME)";
				SWIFT_EMIT_LOC_STRINGS = YES;
				SWIFT_VERSION = 5.0;
				TARGETED_DEVICE_FAMILY = "1,2";
			};
			name = Release;
		};
/* End XCBuildConfiguration section */

/* Begin XCConfigurationList section */
		4CDBB7822727DC1D00A05119 /* Build configuration list for PBXProject "OpenWeatherAPIProj" */ = {
			isa = XCConfigurationList;
			buildConfigurations = (
				4CDBB7992727DC1F00A05119 /* Debug */,
				4CDBB79A2727DC1F00A05119 /* Release */,
			);
			defaultConfigurationIsVisible = 0;
			defaultConfigurationName = Release;
		};
		4CDBB79B2727DC1F00A05119 /* Build configuration list for PBXNativeTarget "OpenWeatherAPIProj" */ = {
			isa = XCConfigurationList;
			buildConfigurations = (
				4CDBB79C2727DC1F00A05119 /* Debug */,
				4CDBB79D2727DC1F00A05119 /* Release */,
			);
			defaultConfigurationIsVisible = 0;
			defaultConfigurationName = Release;
		};
/* End XCConfigurationList section */

/* Begin XCRemoteSwiftPackageReference section */
		4CDBB7A02727DCE200A05119 /* XCRemoteSwiftPackageReference "Kingfisher" */ = {
			isa = XCRemoteSwiftPackageReference;
			repositoryURL = "https://github.com/onevcat/Kingfisher.git";
			requirement = {
				kind = exactVersion;
				version = 7.1.0;
			};
		};
		4CDBB7A32727DCF000A05119 /* XCRemoteSwiftPackageReference "SwiftyJSON" */ = {
			isa = XCRemoteSwiftPackageReference;
			repositoryURL = "https://github.com/SwiftyJSON/SwiftyJSON";
			requirement = {
				kind = exactVersion;
				version = 5.0.0;
			};
		};
		4CDBB7A62727DCFC00A05119 /* XCRemoteSwiftPackageReference "Alamofire" */ = {
			isa = XCRemoteSwiftPackageReference;
			repositoryURL = "https://github.com/Alamofire/Alamofire";
			requirement = {
				kind = exactVersion;
				version = 5.4.0;
			};
		};
/* End XCRemoteSwiftPackageReference section */

/* Begin XCSwiftPackageProductDependency section */
		4CDBB7A12727DCE200A05119 /* Kingfisher */ = {
			isa = XCSwiftPackageProductDependency;
			package = 4CDBB7A02727DCE200A05119 /* XCRemoteSwiftPackageReference "Kingfisher" */;
			productName = Kingfisher;
		};
		4CDBB7A42727DCF000A05119 /* SwiftyJSON */ = {
			isa = XCSwiftPackageProductDependency;
			package = 4CDBB7A32727DCF000A05119 /* XCRemoteSwiftPackageReference "SwiftyJSON" */;
			productName = SwiftyJSON;
		};
		4CDBB7A72727DCFC00A05119 /* Alamofire */ = {
			isa = XCSwiftPackageProductDependency;
			package = 4CDBB7A62727DCFC00A05119 /* XCRemoteSwiftPackageReference "Alamofire" */;
			productName = Alamofire;
		};
/* End XCSwiftPackageProductDependency section */
	};
	rootObject = 4CDBB77F2727DC1D00A05119 /* Project object */;
}
