// !$*UTF8*$!
{
	archiveVersion = 1;
	classes = {
	};
	objectVersion = 55;
	objects = {

/* Begin PBXBuildFile section */
		4C0AEA8827312906009431F1 /* Realm in Frameworks */ = {isa = PBXBuildFile; productRef = 4C0AEA8727312906009431F1 /* Realm */; };
		4C0AEA8A27312906009431F1 /* RealmSwift in Frameworks */ = {isa = PBXBuildFile; productRef = 4C0AEA8927312906009431F1 /* RealmSwift */; };
		4C0AEA8C27312B7C009431F1 /* RealmTable.swift in Sources */ = {isa = PBXBuildFile; fileRef = 4C0AEA8B27312B7C009431F1 /* RealmTable.swift */; };
		4C14A9AE27282F14003B0753 /* TextFieldEffects in Frameworks */ = {isa = PBXBuildFile; productRef = 4C14A9AD27282F14003B0753 /* TextFieldEffects */; };
		4C14A9B127282F38003B0753 /* Alamofire in Frameworks */ = {isa = PBXBuildFile; productRef = 4C14A9B027282F38003B0753 /* Alamofire */; };
		4C14A9B427282F4D003B0753 /* SwiftyJSON in Frameworks */ = {isa = PBXBuildFile; productRef = 4C14A9B327282F4D003B0753 /* SwiftyJSON */; };
		4C14A9B627283E13003B0753 /* MovieTableViewCell.swift in Sources */ = {isa = PBXBuildFile; fileRef = 4C14A9B527283E13003B0753 /* MovieTableViewCell.swift */; };
		4CDBB7B82727FD0700A05119 /* AppDelegate.swift in Sources */ = {isa = PBXBuildFile; fileRef = 4CDBB7B72727FD0700A05119 /* AppDelegate.swift */; };
		4CDBB7BA2727FD0700A05119 /* SceneDelegate.swift in Sources */ = {isa = PBXBuildFile; fileRef = 4CDBB7B92727FD0700A05119 /* SceneDelegate.swift */; };
		4CDBB7BC2727FD0700A05119 /* ViewController.swift in Sources */ = {isa = PBXBuildFile; fileRef = 4CDBB7BB2727FD0700A05119 /* ViewController.swift */; };
		4CDBB7BF2727FD0700A05119 /* Main.storyboard in Resources */ = {isa = PBXBuildFile; fileRef = 4CDBB7BD2727FD0700A05119 /* Main.storyboard */; };
		4CDBB7C12727FD0800A05119 /* Assets.xcassets in Resources */ = {isa = PBXBuildFile; fileRef = 4CDBB7C02727FD0800A05119 /* Assets.xcassets */; };
		4CDBB7C42727FD0800A05119 /* LaunchScreen.storyboard in Resources */ = {isa = PBXBuildFile; fileRef = 4CDBB7C22727FD0800A05119 /* LaunchScreen.storyboard */; };
/* End PBXBuildFile section */

/* Begin PBXFileReference section */
		4C0AEA8B27312B7C009431F1 /* RealmTable.swift */ = {isa = PBXFileReference; lastKnownFileType = sourcecode.swift; path = RealmTable.swift; sourceTree = "<group>"; };
		4C14A9B527283E13003B0753 /* MovieTableViewCell.swift */ = {isa = PBXFileReference; lastKnownFileType = sourcecode.swift; path = MovieTableViewCell.swift; sourceTree = "<group>"; };
		4CDBB7B42727FD0700A05119 /* FilmPromotionComitteeAPIProj.app */ = {isa = PBXFileReference; explicitFileType = wrapper.application; includeInIndex = 0; path = FilmPromotionComitteeAPIProj.app; sourceTree = BUILT_PRODUCTS_DIR; };
		4CDBB7B72727FD0700A05119 /* AppDelegate.swift */ = {isa = PBXFileReference; lastKnownFileType = sourcecode.swift; path = AppDelegate.swift; sourceTree = "<group>"; };
		4CDBB7B92727FD0700A05119 /* SceneDelegate.swift */ = {isa = PBXFileReference; lastKnownFileType = sourcecode.swift; path = SceneDelegate.swift; sourceTree = "<group>"; };
		4CDBB7BB2727FD0700A05119 /* ViewController.swift */ = {isa = PBXFileReference; lastKnownFileType = sourcecode.swift; path = ViewController.swift; sourceTree = "<group>"; };
		4CDBB7BE2727FD0700A05119 /* Base */ = {isa = PBXFileReference; lastKnownFileType = file.storyboard; name = Base; path = Base.lproj/Main.storyboard; sourceTree = "<group>"; };
		4CDBB7C02727FD0800A05119 /* Assets.xcassets */ = {isa = PBXFileReference; lastKnownFileType = folder.assetcatalog; path = Assets.xcassets; sourceTree = "<group>"; };
		4CDBB7C32727FD0800A05119 /* Base */ = {isa = PBXFileReference; lastKnownFileType = file.storyboard; name = Base; path = Base.lproj/LaunchScreen.storyboard; sourceTree = "<group>"; };
		4CDBB7C52727FD0800A05119 /* Info.plist */ = {isa = PBXFileReference; lastKnownFileType = text.plist.xml; path = Info.plist; sourceTree = "<group>"; };
/* End PBXFileReference section */

/* Begin PBXFrameworksBuildPhase section */
		4CDBB7B12727FD0700A05119 /* Frameworks */ = {
			isa = PBXFrameworksBuildPhase;
			buildActionMask = 2147483647;
			files = (
				4C14A9B427282F4D003B0753 /* SwiftyJSON in Frameworks */,
				4C14A9AE27282F14003B0753 /* TextFieldEffects in Frameworks */,
				4C0AEA8827312906009431F1 /* Realm in Frameworks */,
				4C0AEA8A27312906009431F1 /* RealmSwift in Frameworks */,
				4C14A9B127282F38003B0753 /* Alamofire in Frameworks */,
			);
			runOnlyForDeploymentPostprocessing = 0;
		};
/* End PBXFrameworksBuildPhase section */

/* Begin PBXGroup section */
		4CDBB7AB2727FD0700A05119 = {
			isa = PBXGroup;
			children = (
				4CDBB7B62727FD0700A05119 /* FilmPromotionComitteeAPIProj */,
				4CDBB7B52727FD0700A05119 /* Products */,
			);
			sourceTree = "<group>";
		};
		4CDBB7B52727FD0700A05119 /* Products */ = {
			isa = PBXGroup;
			children = (
				4CDBB7B42727FD0700A05119 /* FilmPromotionComitteeAPIProj.app */,
			);
			name = Products;
			sourceTree = "<group>";
		};
		4CDBB7B62727FD0700A05119 /* FilmPromotionComitteeAPIProj */ = {
			isa = PBXGroup;
			children = (
				4CDBB7B72727FD0700A05119 /* AppDelegate.swift */,
				4CDBB7B92727FD0700A05119 /* SceneDelegate.swift */,
				4CDBB7BB2727FD0700A05119 /* ViewController.swift */,
				4C0AEA8B27312B7C009431F1 /* RealmTable.swift */,
				4C14A9B527283E13003B0753 /* MovieTableViewCell.swift */,
				4CDBB7BD2727FD0700A05119 /* Main.storyboard */,
				4CDBB7C02727FD0800A05119 /* Assets.xcassets */,
				4CDBB7C22727FD0800A05119 /* LaunchScreen.storyboard */,
				4CDBB7C52727FD0800A05119 /* Info.plist */,
			);
			path = FilmPromotionComitteeAPIProj;
			sourceTree = "<group>";
		};
/* End PBXGroup section */

/* Begin PBXNativeTarget section */
		4CDBB7B32727FD0700A05119 /* FilmPromotionComitteeAPIProj */ = {
			isa = PBXNativeTarget;
			buildConfigurationList = 4CDBB7C82727FD0800A05119 /* Build configuration list for PBXNativeTarget "FilmPromotionComitteeAPIProj" */;
			buildPhases = (
				4CDBB7B02727FD0700A05119 /* Sources */,
				4CDBB7B12727FD0700A05119 /* Frameworks */,
				4CDBB7B22727FD0700A05119 /* Resources */,
			);
			buildRules = (
			);
			dependencies = (
			);
			name = FilmPromotionComitteeAPIProj;
			packageProductDependencies = (
				4C14A9AD27282F14003B0753 /* TextFieldEffects */,
				4C14A9B027282F38003B0753 /* Alamofire */,
				4C14A9B327282F4D003B0753 /* SwiftyJSON */,
				4C0AEA8727312906009431F1 /* Realm */,
				4C0AEA8927312906009431F1 /* RealmSwift */,
			);
			productName = FilmPromotionComitteeAPIProj;
			productReference = 4CDBB7B42727FD0700A05119 /* FilmPromotionComitteeAPIProj.app */;
			productType = "com.apple.product-type.application";
		};
/* End PBXNativeTarget section */

/* Begin PBXProject section */
		4CDBB7AC2727FD0700A05119 /* Project object */ = {
			isa = PBXProject;
			attributes = {
				BuildIndependentTargetsInParallel = 1;
				LastSwiftUpdateCheck = 1300;
				LastUpgradeCheck = 1300;
				TargetAttributes = {
					4CDBB7B32727FD0700A05119 = {
						CreatedOnToolsVersion = 13.0;
					};
				};
			};
			buildConfigurationList = 4CDBB7AF2727FD0700A05119 /* Build configuration list for PBXProject "FilmPromotionComitteeAPIProj" */;
			compatibilityVersion = "Xcode 13.0";
			developmentRegion = en;
			hasScannedForEncodings = 0;
			knownRegions = (
				en,
				Base,
			);
			mainGroup = 4CDBB7AB2727FD0700A05119;
			packageReferences = (
				4C14A9AC27282F14003B0753 /* XCRemoteSwiftPackageReference "TextFieldEffects" */,
				4C14A9AF27282F38003B0753 /* XCRemoteSwiftPackageReference "Alamofire" */,
				4C14A9B227282F4D003B0753 /* XCRemoteSwiftPackageReference "SwiftyJSON" */,
				4C0AEA8627312906009431F1 /* XCRemoteSwiftPackageReference "realm-cocoa" */,
			);
			productRefGroup = 4CDBB7B52727FD0700A05119 /* Products */;
			projectDirPath = "";
			projectRoot = "";
			targets = (
				4CDBB7B32727FD0700A05119 /* FilmPromotionComitteeAPIProj */,
			);
		};
/* End PBXProject section */

/* Begin PBXResourcesBuildPhase section */
		4CDBB7B22727FD0700A05119 /* Resources */ = {
			isa = PBXResourcesBuildPhase;
			buildActionMask = 2147483647;
			files = (
				4CDBB7C42727FD0800A05119 /* LaunchScreen.storyboard in Resources */,
				4CDBB7C12727FD0800A05119 /* Assets.xcassets in Resources */,
				4CDBB7BF2727FD0700A05119 /* Main.storyboard in Resources */,
			);
			runOnlyForDeploymentPostprocessing = 0;
		};
/* End PBXResourcesBuildPhase section */

/* Begin PBXSourcesBuildPhase section */
		4CDBB7B02727FD0700A05119 /* Sources */ = {
			isa = PBXSourcesBuildPhase;
			buildActionMask = 2147483647;
			files = (
				4C0AEA8C27312B7C009431F1 /* RealmTable.swift in Sources */,
				4CDBB7BC2727FD0700A05119 /* ViewController.swift in Sources */,
				4CDBB7B82727FD0700A05119 /* AppDelegate.swift in Sources */,
				4C14A9B627283E13003B0753 /* MovieTableViewCell.swift in Sources */,
				4CDBB7BA2727FD0700A05119 /* SceneDelegate.swift in Sources */,
			);
			runOnlyForDeploymentPostprocessing = 0;
		};
/* End PBXSourcesBuildPhase section */

/* Begin PBXVariantGroup section */
		4CDBB7BD2727FD0700A05119 /* Main.storyboard */ = {
			isa = PBXVariantGroup;
			children = (
				4CDBB7BE2727FD0700A05119 /* Base */,
			);
			name = Main.storyboard;
			sourceTree = "<group>";
		};
		4CDBB7C22727FD0800A05119 /* LaunchScreen.storyboard */ = {
			isa = PBXVariantGroup;
			children = (
				4CDBB7C32727FD0800A05119 /* Base */,
			);
			name = LaunchScreen.storyboard;
			sourceTree = "<group>";
		};
/* End PBXVariantGroup section */

/* Begin XCBuildConfiguration section */
		4CDBB7C62727FD0800A05119 /* Debug */ = {
			isa = XCBuildConfiguration;
			buildSettings = {
				ALWAYS_SEARCH_USER_PATHS = NO;
				CLANG_ANALYZER_NONNULL = YES;
				CLANG_ANALYZER_NUMBER_OBJECT_CONVERSION = YES_AGGRESSIVE;
				CLANG_CXX_LANGUAGE_STANDARD = "gnu++17";
				CLANG_CXX_LIBRARY = "libc++";
				CLANG_ENABLE_MODULES = YES;
				CLANG_ENABLE_OBJC_ARC = YES;
				CLANG_ENABLE_OBJC_WEAK = YES;
				CLANG_WARN_BLOCK_CAPTURE_AUTORELEASING = YES;
				CLANG_WARN_BOOL_CONVERSION = YES;
				CLANG_WARN_COMMA = YES;
				CLANG_WARN_CONSTANT_CONVERSION = YES;
				CLANG_WARN_DEPRECATED_OBJC_IMPLEMENTATIONS = YES;
				CLANG_WARN_DIRECT_OBJC_ISA_USAGE = YES_ERROR;
				CLANG_WARN_DOCUMENTATION_COMMENTS = YES;
				CLANG_WARN_EMPTY_BODY = YES;
				CLANG_WARN_ENUM_CONVERSION = YES;
				CLANG_WARN_INFINITE_RECURSION = YES;
				CLANG_WARN_INT_CONVERSION = YES;
				CLANG_WARN_NON_LITERAL_NULL_CONVERSION = YES;
				CLANG_WARN_OBJC_IMPLICIT_RETAIN_SELF = YES;
				CLANG_WARN_OBJC_LITERAL_CONVERSION = YES;
				CLANG_WARN_OBJC_ROOT_CLASS = YES_ERROR;
				CLANG_WARN_QUOTED_INCLUDE_IN_FRAMEWORK_HEADER = YES;
				CLANG_WARN_RANGE_LOOP_ANALYSIS = YES;
				CLANG_WARN_STRICT_PROTOTYPES = YES;
				CLANG_WARN_SUSPICIOUS_MOVE = YES;
				CLANG_WARN_UNGUARDED_AVAILABILITY = YES_AGGRESSIVE;
				CLANG_WARN_UNREACHABLE_CODE = YES;
				CLANG_WARN__DUPLICATE_METHOD_MATCH = YES;
				COPY_PHASE_STRIP = NO;
				DEBUG_INFORMATION_FORMAT = dwarf;
				ENABLE_STRICT_OBJC_MSGSEND = YES;
				ENABLE_TESTABILITY = YES;
				GCC_C_LANGUAGE_STANDARD = gnu11;
				GCC_DYNAMIC_NO_PIC = NO;
				GCC_NO_COMMON_BLOCKS = YES;
				GCC_OPTIMIZATION_LEVEL = 0;
				GCC_PREPROCESSOR_DEFINITIONS = (
					"DEBUG=1",
					"$(inherited)",
				);
				GCC_WARN_64_TO_32_BIT_CONVERSION = YES;
				GCC_WARN_ABOUT_RETURN_TYPE = YES_ERROR;
				GCC_WARN_UNDECLARED_SELECTOR = YES;
				GCC_WARN_UNINITIALIZED_AUTOS = YES_AGGRESSIVE;
				GCC_WARN_UNUSED_FUNCTION = YES;
				GCC_WARN_UNUSED_VARIABLE = YES;
				IPHONEOS_DEPLOYMENT_TARGET = 15.0;
				MTL_ENABLE_DEBUG_INFO = INCLUDE_SOURCE;
				MTL_FAST_MATH = YES;
				ONLY_ACTIVE_ARCH = YES;
				SDKROOT = iphoneos;
				SWIFT_ACTIVE_COMPILATION_CONDITIONS = DEBUG;
				SWIFT_OPTIMIZATION_LEVEL = "-Onone";
			};
			name = Debug;
		};
		4CDBB7C72727FD0800A05119 /* Release */ = {
			isa = XCBuildConfiguration;
			buildSettings = {
				ALWAYS_SEARCH_USER_PATHS = NO;
				CLANG_ANALYZER_NONNULL = YES;
				CLANG_ANALYZER_NUMBER_OBJECT_CONVERSION = YES_AGGRESSIVE;
				CLANG_CXX_LANGUAGE_STANDARD = "gnu++17";
				CLANG_CXX_LIBRARY = "libc++";
				CLANG_ENABLE_MODULES = YES;
				CLANG_ENABLE_OBJC_ARC = YES;
				CLANG_ENABLE_OBJC_WEAK = YES;
				CLANG_WARN_BLOCK_CAPTURE_AUTORELEASING = YES;
				CLANG_WARN_BOOL_CONVERSION = YES;
				CLANG_WARN_COMMA = YES;
				CLANG_WARN_CONSTANT_CONVERSION = YES;
				CLANG_WARN_DEPRECATED_OBJC_IMPLEMENTATIONS = YES;
				CLANG_WARN_DIRECT_OBJC_ISA_USAGE = YES_ERROR;
				CLANG_WARN_DOCUMENTATION_COMMENTS = YES;
				CLANG_WARN_EMPTY_BODY = YES;
				CLANG_WARN_ENUM_CONVERSION = YES;
				CLANG_WARN_INFINITE_RECURSION = YES;
				CLANG_WARN_INT_CONVERSION = YES;
				CLANG_WARN_NON_LITERAL_NULL_CONVERSION = YES;
				CLANG_WARN_OBJC_IMPLICIT_RETAIN_SELF = YES;
				CLANG_WARN_OBJC_LITERAL_CONVERSION = YES;
				CLANG_WARN_OBJC_ROOT_CLASS = YES_ERROR;
				CLANG_WARN_QUOTED_INCLUDE_IN_FRAMEWORK_HEADER = YES;
				CLANG_WARN_RANGE_LOOP_ANALYSIS = YES;
				CLANG_WARN_STRICT_PROTOTYPES = YES;
				CLANG_WARN_SUSPICIOUS_MOVE = YES;
				CLANG_WARN_UNGUARDED_AVAILABILITY = YES_AGGRESSIVE;
				CLANG_WARN_UNREACHABLE_CODE = YES;
				CLANG_WARN__DUPLICATE_METHOD_MATCH = YES;
				COPY_PHASE_STRIP = NO;
				DEBUG_INFORMATION_FORMAT = "dwarf-with-dsym";
				ENABLE_NS_ASSERTIONS = NO;
				ENABLE_STRICT_OBJC_MSGSEND = YES;
				GCC_C_LANGUAGE_STANDARD = gnu11;
				GCC_NO_COMMON_BLOCKS = YES;
				GCC_WARN_64_TO_32_BIT_CONVERSION = YES;
				GCC_WARN_ABOUT_RETURN_TYPE = YES_ERROR;
				GCC_WARN_UNDECLARED_SELECTOR = YES;
				GCC_WARN_UNINITIALIZED_AUTOS = YES_AGGRESSIVE;
				GCC_WARN_UNUSED_FUNCTION = YES;
				GCC_WARN_UNUSED_VARIABLE = YES;
				IPHONEOS_DEPLOYMENT_TARGET = 15.0;
				MTL_ENABLE_DEBUG_INFO = NO;
				MTL_FAST_MATH = YES;
				SDKROOT = iphoneos;
				SWIFT_COMPILATION_MODE = wholemodule;
				SWIFT_OPTIMIZATION_LEVEL = "-O";
				VALIDATE_PRODUCT = YES;
			};
			name = Release;
		};
		4CDBB7C92727FD0800A05119 /* Debug */ = {
			isa = XCBuildConfiguration;
			buildSettings = {
				ASSETCATALOG_COMPILER_APPICON_NAME = AppIcon;
				ASSETCATALOG_COMPILER_GLOBAL_ACCENT_COLOR_NAME = AccentColor;
				CODE_SIGN_STYLE = Automatic;
				CURRENT_PROJECT_VERSION = 1;
				DEVELOPMENT_TEAM = 46QF7GBZH7;
				GENERATE_INFOPLIST_FILE = YES;
				INFOPLIST_FILE = FilmPromotionComitteeAPIProj/Info.plist;
				INFOPLIST_KEY_UIApplicationSupportsIndirectInputEvents = YES;
				INFOPLIST_KEY_UILaunchStoryboardName = LaunchScreen;
				INFOPLIST_KEY_UIMainStoryboardFile = Main;
				INFOPLIST_KEY_UISupportedInterfaceOrientations_iPad = "UIInterfaceOrientationPortrait UIInterfaceOrientationPortraitUpsideDown UIInterfaceOrientationLandscapeLeft UIInterfaceOrientationLandscapeRight";
				INFOPLIST_KEY_UISupportedInterfaceOrientations_iPhone = "UIInterfaceOrientationPortrait UIInterfaceOrientationLandscapeLeft UIInterfaceOrientationLandscapeRight";
				LD_RUNPATH_SEARCH_PATHS = (
					"$(inherited)",
					"@executable_path/Frameworks",
				);
				MARKETING_VERSION = 1.0;
				PRODUCT_BUNDLE_IDENTIFIER = usKet.FilmPromotionComitteeAPIProj;
				PRODUCT_NAME = "$(TARGET_NAME)";
				SWIFT_EMIT_LOC_STRINGS = YES;
				SWIFT_VERSION = 5.0;
				TARGETED_DEVICE_FAMILY = "1,2";
			};
			name = Debug;
		};
		4CDBB7CA2727FD0800A05119 /* Release */ = {
			isa = XCBuildConfiguration;
			buildSettings = {
				ASSETCATALOG_COMPILER_APPICON_NAME = AppIcon;
				ASSETCATALOG_COMPILER_GLOBAL_ACCENT_COLOR_NAME = AccentColor;
				CODE_SIGN_STYLE = Automatic;
				CURRENT_PROJECT_VERSION = 1;
				DEVELOPMENT_TEAM = 46QF7GBZH7;
				GENERATE_INFOPLIST_FILE = YES;
				INFOPLIST_FILE = FilmPromotionComitteeAPIProj/Info.plist;
				INFOPLIST_KEY_UIApplicationSupportsIndirectInputEvents = YES;
				INFOPLIST_KEY_UILaunchStoryboardName = LaunchScreen;
				INFOPLIST_KEY_UIMainStoryboardFile = Main;
				INFOPLIST_KEY_UISupportedInterfaceOrientations_iPad = "UIInterfaceOrientationPortrait UIInterfaceOrientationPortraitUpsideDown UIInterfaceOrientationLandscapeLeft UIInterfaceOrientationLandscapeRight";
				INFOPLIST_KEY_UISupportedInterfaceOrientations_iPhone = "UIInterfaceOrientationPortrait UIInterfaceOrientationLandscapeLeft UIInterfaceOrientationLandscapeRight";
				LD_RUNPATH_SEARCH_PATHS = (
					"$(inherited)",
					"@executable_path/Frameworks",
				);
				MARKETING_VERSION = 1.0;
				PRODUCT_BUNDLE_IDENTIFIER = usKet.FilmPromotionComitteeAPIProj;
				PRODUCT_NAME = "$(TARGET_NAME)";
				SWIFT_EMIT_LOC_STRINGS = YES;
				SWIFT_VERSION = 5.0;
				TARGETED_DEVICE_FAMILY = "1,2";
			};
			name = Release;
		};
/* End XCBuildConfiguration section */

/* Begin XCConfigurationList section */
		4CDBB7AF2727FD0700A05119 /* Build configuration list for PBXProject "FilmPromotionComitteeAPIProj" */ = {
			isa = XCConfigurationList;
			buildConfigurations = (
				4CDBB7C62727FD0800A05119 /* Debug */,
				4CDBB7C72727FD0800A05119 /* Release */,
			);
			defaultConfigurationIsVisible = 0;
			defaultConfigurationName = Release;
		};
		4CDBB7C82727FD0800A05119 /* Build configuration list for PBXNativeTarget "FilmPromotionComitteeAPIProj" */ = {
			isa = XCConfigurationList;
			buildConfigurations = (
				4CDBB7C92727FD0800A05119 /* Debug */,
				4CDBB7CA2727FD0800A05119 /* Release */,
			);
			defaultConfigurationIsVisible = 0;
			defaultConfigurationName = Release;
		};
/* End XCConfigurationList section */

/* Begin XCRemoteSwiftPackageReference section */
		4C0AEA8627312906009431F1 /* XCRemoteSwiftPackageReference "realm-cocoa" */ = {
			isa = XCRemoteSwiftPackageReference;
			repositoryURL = "https://github.com/realm/realm-cocoa.git";
			requirement = {
				kind = exactVersion;
				version = 10.18.0;
			};
		};
		4C14A9AC27282F14003B0753 /* XCRemoteSwiftPackageReference "TextFieldEffects" */ = {
			isa = XCRemoteSwiftPackageReference;
			repositoryURL = "https://github.com/raulriera/TextFieldEffects";
			requirement = {
				kind = exactVersion;
				version = 1.7.0;
			};
		};
		4C14A9AF27282F38003B0753 /* XCRemoteSwiftPackageReference "Alamofire" */ = {
			isa = XCRemoteSwiftPackageReference;
			repositoryURL = "https://github.com/Alamofire/Alamofire";
			requirement = {
				kind = exactVersion;
				version = 5.4.0;
			};
		};
		4C14A9B227282F4D003B0753 /* XCRemoteSwiftPackageReference "SwiftyJSON" */ = {
			isa = XCRemoteSwiftPackageReference;
			repositoryURL = "https://github.com/SwiftyJSON/SwiftyJSON";
			requirement = {
				kind = exactVersion;
				version = 5.0.0;
			};
		};
/* End XCRemoteSwiftPackageReference section */

/* Begin XCSwiftPackageProductDependency section */
		4C0AEA8727312906009431F1 /* Realm */ = {
			isa = XCSwiftPackageProductDependency;
			package = 4C0AEA8627312906009431F1 /* XCRemoteSwiftPackageReference "realm-cocoa" */;
			productName = Realm;
		};
		4C0AEA8927312906009431F1 /* RealmSwift */ = {
			isa = XCSwiftPackageProductDependency;
			package = 4C0AEA8627312906009431F1 /* XCRemoteSwiftPackageReference "realm-cocoa" */;
			productName = RealmSwift;
		};
		4C14A9AD27282F14003B0753 /* TextFieldEffects */ = {
			isa = XCSwiftPackageProductDependency;
			package = 4C14A9AC27282F14003B0753 /* XCRemoteSwiftPackageReference "TextFieldEffects" */;
			productName = TextFieldEffects;
		};
		4C14A9B027282F38003B0753 /* Alamofire */ = {
			isa = XCSwiftPackageProductDependency;
			package = 4C14A9AF27282F38003B0753 /* XCRemoteSwiftPackageReference "Alamofire" */;
			productName = Alamofire;
		};
		4C14A9B327282F4D003B0753 /* SwiftyJSON */ = {
			isa = XCSwiftPackageProductDependency;
			package = 4C14A9B227282F4D003B0753 /* XCRemoteSwiftPackageReference "SwiftyJSON" */;
			productName = SwiftyJSON;
		};
/* End XCSwiftPackageProductDependency section */
	};
	rootObject = 4CDBB7AC2727FD0700A05119 /* Project object */;
}
